{
  "version": 4,
  "terraform_version": "0.12.28",
  "serial": 180,
  "lineage": "653e53da-b873-8abf-0625-5ddee7016719",
  "outputs": {
    "webserver_public_dns": {
      "value": [
        "ec2-3-92-54-94.compute-1.amazonaws.com",
        "ec2-54-198-197-52.compute-1.amazonaws.com"
      ],
      "type": [
        "tuple",
        [
          "string",
          "string"
        ]
      ]
    }
  },
  "resources": [
    {
      "mode": "managed",
      "type": "aws_instance",
      "name": "webserver01",
      "provider": "provider.aws",
      "instances": [
        {
          "schema_version": 1,
          "attributes": {
            "ami": "ami-0ac80df6eff0e70b5",
            "arn": "arn:aws:ec2:us-east-1:050099140295:instance/i-0a14aa9bc3b35ca58",
            "associate_public_ip_address": true,
            "availability_zone": "us-east-1a",
            "cpu_core_count": 1,
            "cpu_threads_per_core": 1,
            "credit_specification": [
              {
                "cpu_credits": "standard"
              }
            ],
            "disable_api_termination": false,
            "ebs_block_device": [],
            "ebs_optimized": false,
            "ephemeral_block_device": [],
            "get_password_data": false,
            "hibernation": false,
            "host_id": null,
            "iam_instance_profile": "",
            "id": "i-0a14aa9bc3b35ca58",
            "instance_initiated_shutdown_behavior": null,
            "instance_state": "running",
            "instance_type": "t2.micro",
            "ipv6_address_count": 0,
            "ipv6_addresses": [],
            "key_name": "terraform",
            "metadata_options": [
              {
                "http_endpoint": "enabled",
                "http_put_response_hop_limit": 1,
                "http_tokens": "optional"
              }
            ],
            "monitoring": false,
            "network_interface": [],
            "network_interface_id": null,
            "outpost_arn": "",
            "password_data": "",
            "placement_group": "",
            "primary_network_interface_id": "eni-088264dce7e70502e",
            "private_dns": "ip-172-31-47-175.ec2.internal",
            "private_ip": "172.31.47.175",
            "public_dns": "ec2-3-92-54-94.compute-1.amazonaws.com",
            "public_ip": "3.92.54.94",
            "root_block_device": [
              {
                "delete_on_termination": true,
                "device_name": "/dev/sda1",
                "encrypted": false,
                "iops": 100,
                "kms_key_id": "",
                "volume_id": "vol-095be3edfaf57a902",
                "volume_size": 8,
                "volume_type": "gp2"
              }
            ],
            "security_groups": [
              "webserver_ssh"
            ],
            "source_dest_check": true,
            "subnet_id": "subnet-fe1ad1a1",
            "tags": {
              "name": "webserver01"
            },
            "tenancy": "default",
            "timeouts": null,
            "user_data": "3ba35f06195365a8cd4a571be9d2c48fe8f51767",
            "user_data_base64": null,
            "volume_tags": {},
            "vpc_security_group_ids": [
              "sg-00f87c64034aea76d"
            ]
          },
          "private": "eyJlMmJmYjczMC1lY2FhLTExZTYtOGY4OC0zNDM2M2JjN2M0YzAiOnsiY3JlYXRlIjo2MDAwMDAwMDAwMDAsImRlbGV0ZSI6MTIwMDAwMDAwMDAwMCwidXBkYXRlIjo2MDAwMDAwMDAwMDB9LCJzY2hlbWFfdmVyc2lvbiI6IjEifQ==",
          "dependencies": [
            "aws_key_pair.terraform",
            "aws_security_group.webserver_ssh"
          ]
        }
      ]
    },
    {
      "mode": "managed",
      "type": "aws_instance",
      "name": "webserver02",
      "provider": "provider.aws",
      "instances": [
        {
          "schema_version": 1,
          "attributes": {
            "ami": "ami-0ac80df6eff0e70b5",
            "arn": "arn:aws:ec2:us-east-1:050099140295:instance/i-0c0b01f25c1bb834e",
            "associate_public_ip_address": true,
            "availability_zone": "us-east-1a",
            "cpu_core_count": 1,
            "cpu_threads_per_core": 1,
            "credit_specification": [
              {
                "cpu_credits": "standard"
              }
            ],
            "disable_api_termination": false,
            "ebs_block_device": [],
            "ebs_optimized": false,
            "ephemeral_block_device": [],
            "get_password_data": false,
            "hibernation": false,
            "host_id": null,
            "iam_instance_profile": "",
            "id": "i-0c0b01f25c1bb834e",
            "instance_initiated_shutdown_behavior": null,
            "instance_state": "running",
            "instance_type": "t2.micro",
            "ipv6_address_count": 0,
            "ipv6_addresses": [],
            "key_name": "terraform",
            "metadata_options": [
              {
                "http_endpoint": "enabled",
                "http_put_response_hop_limit": 1,
                "http_tokens": "optional"
              }
            ],
            "monitoring": false,
            "network_interface": [],
            "network_interface_id": null,
            "outpost_arn": "",
            "password_data": "",
            "placement_group": "",
            "primary_network_interface_id": "eni-08ffffadfaf71b384",
            "private_dns": "ip-172-31-35-215.ec2.internal",
            "private_ip": "172.31.35.215",
            "public_dns": "ec2-54-198-197-52.compute-1.amazonaws.com",
            "public_ip": "54.198.197.52",
            "root_block_device": [
              {
                "delete_on_termination": true,
                "device_name": "/dev/sda1",
                "encrypted": false,
                "iops": 100,
                "kms_key_id": "",
                "volume_id": "vol-0c805d4ba6647bec1",
                "volume_size": 8,
                "volume_type": "gp2"
              }
            ],
            "security_groups": [
              "webserver_ssh"
            ],
            "source_dest_check": true,
            "subnet_id": "subnet-fe1ad1a1",
            "tags": {
              "name": "webserver02"
            },
            "tenancy": "default",
            "timeouts": null,
            "user_data": "3ba35f06195365a8cd4a571be9d2c48fe8f51767",
            "user_data_base64": null,
            "volume_tags": {},
            "vpc_security_group_ids": [
              "sg-00f87c64034aea76d"
            ]
          },
          "private": "eyJlMmJmYjczMC1lY2FhLTExZTYtOGY4OC0zNDM2M2JjN2M0YzAiOnsiY3JlYXRlIjo2MDAwMDAwMDAwMDAsImRlbGV0ZSI6MTIwMDAwMDAwMDAwMCwidXBkYXRlIjo2MDAwMDAwMDAwMDB9LCJzY2hlbWFfdmVyc2lvbiI6IjEifQ==",
          "dependencies": [
            "aws_key_pair.terraform",
            "aws_security_group.webserver_ssh"
          ]
        }
      ]
    },
    {
      "mode": "managed",
      "type": "aws_key_pair",
      "name": "terraform",
      "provider": "provider.aws",
      "instances": [
        {
          "schema_version": 1,
          "attributes": {
            "arn": "arn:aws:ec2:us-east-1:050099140295:key-pair/terraform",
            "fingerprint": "46:ae:5f:25:a1:83:b7:82:6e:58:47:4f:20:00:21:9a",
            "id": "terraform",
            "key_name": "terraform",
            "key_name_prefix": null,
            "key_pair_id": "key-002d4868aed8cfd7f",
            "public_key": "ssh-rsa AAAAB3NzaC1yc2EAAAADAQABAAABgQC00nIEGYrZc0xrWisdjVau5JL27E/y5VM/95kZNiS2cS4jBLunU0BXxmCzH143swi9bp0/e0/yzoIetWpXDgmA8btjQqYh45iKf1CCCFUvbC3n6/czNYwDCPb33Oe9+HY9OURVp1pwUzL1LyyfuK3P4yqON3kZcVIZGBMX8mgyXxeNKDETslV3cN7ml+u1fbfw1ls9lqwVvxv+u4ZaTJde5ZZo6pVdZN6RyhEhQRJMJ0rHh7eRnu7cs6V5oj+haU6t+a/Hcx3Q/WrDr4B1jM2m/ZdYAnoP1JI3+aakxB9OTAvaxS5pZiNc6Q3sV7m/TWPN7WeU/4xOjFVIl+87X9+TxJhnwRqU/v/vjxUFAN2+qPDIJmq9xH0jvLS4lptQzQW+sMA2mlcxxzNQhMyZ2zyB5nQPl0CTnxMr7IdDsDrWTIq/SyG5qJwLwaJ9FeLSy/3xnShwq/c/kBaCLVJoY/cDNswm0O/j+O5/lbtfir3MFtn/ZjP3zOGpzR18CUMP7AE= eduardo@acer-mandic",
            "tags": null
          },
          "private": "eyJzY2hlbWFfdmVyc2lvbiI6IjEifQ=="
        }
      ]
    },
    {
      "mode": "managed",
      "type": "aws_security_group",
      "name": "webserver_ssh",
      "provider": "provider.aws",
      "instances": [
        {
          "schema_version": 1,
          "attributes": {
            "arn": "arn:aws:ec2:us-east-1:050099140295:security-group/sg-00f87c64034aea76d",
            "description": "Managed by Terraform",
            "egress": [
              {
                "cidr_blocks": [
                  "0.0.0.0/0"
                ],
                "description": "",
                "from_port": 0,
                "ipv6_cidr_blocks": [],
                "prefix_list_ids": [],
                "protocol": "-1",
                "security_groups": [],
                "self": false,
                "to_port": 0
              }
            ],
            "id": "sg-00f87c64034aea76d",
            "ingress": [
              {
                "cidr_blocks": [
                  "0.0.0.0/0"
                ],
                "description": "",
                "from_port": 22,
                "ipv6_cidr_blocks": [],
                "prefix_list_ids": [],
                "protocol": "tcp",
                "security_groups": [],
                "self": false,
                "to_port": 22
              },
              {
                "cidr_blocks": [
                  "0.0.0.0/0"
                ],
                "description": "",
                "from_port": 80,
                "ipv6_cidr_blocks": [],
                "prefix_list_ids": [],
                "protocol": "tcp",
                "security_groups": [],
                "self": false,
                "to_port": 80
              }
            ],
            "name": "webserver_ssh",
            "name_prefix": null,
            "owner_id": "050099140295",
            "revoke_rules_on_delete": false,
            "tags": null,
            "timeouts": null,
            "vpc_id": "vpc-6643591c"
          },
          "private": "eyJlMmJmYjczMC1lY2FhLTExZTYtOGY4OC0zNDM2M2JjN2M0YzAiOnsiY3JlYXRlIjo2MDAwMDAwMDAwMDAsImRlbGV0ZSI6NjAwMDAwMDAwMDAwfSwic2NoZW1hX3ZlcnNpb24iOiIxIn0="
        }
      ]
    }
  ]
}
